
Microsoft Visual Studio Solution File, Format Version 12.00
# Visual Studio Version 17
VisualStudioVersion = 17.6.33829.357
MinimumVisualStudioVersion = 10.0.40219.1
Project("{FAE04EC0-301F-11D3-BF4B-00C04F79EFBC}") = "ServiceStationAPI", "ServiceStationAPI\ServiceStationAPI.csproj", "{1DBF856F-ADC6-4230-956B-67D3CD5111D3}"
EndProject
Global
	GlobalSection(SolutionConfigurationPlatforms) = preSolution
		Debug|Any CPU = Debug|Any CPU
		Release|Any CPU = Release|Any CPU
	EndGlobalSection
	GlobalSection(ProjectConfigurationPlatforms) = postSolution
		{1DBF856F-ADC6-4230-956B-67D3CD5111D3}.Debug|Any CPU.ActiveCfg = Debug|Any CPU
		{1DBF856F-ADC6-4230-956B-67D3CD5111D3}.Debug|Any CPU.Build.0 = Debug|Any CPU
		{1DBF856F-ADC6-4230-956B-67D3CD5111D3}.Release|Any CPU.ActiveCfg = Release|Any CPU
		{1DBF856F-ADC6-4230-956B-67D3CD5111D3}.Release|Any CPU.Build.0 = Release|Any CPU
	EndGlobalSection
	GlobalSection(SolutionProperties) = preSolution
		HideSolutionNode = FALSE
	EndGlobalSection
	GlobalSection(ExtensibilityGlobals) = postSolution
		SolutionGuid = {D68A22B8-85A2-463A-8166-1F704D75E2B8}
	EndGlobalSection
EndGlobal
